dependencies:
- name: cloudnative-pg
  repository: ""
  version: 0.1.0
- name: mongodb-operator
  repository: ""
  version: 0.1.0
- name: ehrbase
  repository: ""
  version: 0.1.0
- name: eos
  repository: ""
  version: 0.1.0
- name: openfhir
  repository: ""
  version: 0.1.0
- name: cohort-explorer-backend
  repository: ""
  version: 0.1.0
- name: cohort-explorer-frontend
  repository: ""
  version: 0.1.0
- name: keycloak
  repository: ""
  version: 0.1.0
- name: openehrtool-redis
  repository: ""
  version: 0.1.0
- name: openehrtool-backend
  repository: ""
  version: 0.1.0
- name: openehrtool-frontend
  repository: ""
  version: 0.1.0
digest: sha256:90c2dfdcde378af05d6accaf190d2a8b396f053c554ce988066e1d9a07f9217f
generated: "2026-06-04T17:57:08.66995902+02:00"
